
Microsoft Visual Studio Solution File, Format Version 12.00
# Visual Studio Version 17
VisualStudioVersion = 17.1.32414.318
MinimumVisualStudioVersion = 10.0.40219.1
Project("{FAE04EC0-301F-11D3-BF4B-00C04F79EFBC}") = "Ovelse2", "Ovelse2\Ovelse2.csproj", "{60C2737D-583C-40F2-901C-73AD1BB5A434}"
EndProject
Global
	GlobalSection(SolutionConfigurationPlatforms) = preSolution
		Debug|Any CPU = Debug|Any CPU
		Release|Any CPU = Release|Any CPU
	EndGlobalSection
	GlobalSection(ProjectConfigurationPlatforms) = postSolution
		{60C2737D-583C-40F2-901C-73AD1BB5A434}.Debug|Any CPU.ActiveCfg = Debug|Any CPU
		{60C2737D-583C-40F2-901C-73AD1BB5A434}.Debug|Any CPU.Build.0 = Debug|Any CPU
		{60C2737D-583C-40F2-901C-73AD1BB5A434}.Release|Any CPU.ActiveCfg = Release|Any CPU
		{60C2737D-583C-40F2-901C-73AD1BB5A434}.Release|Any CPU.Build.0 = Release|Any CPU
	EndGlobalSection
	GlobalSection(SolutionProperties) = preSolution
		HideSolutionNode = FALSE
	EndGlobalSection
	GlobalSection(ExtensibilityGlobals) = postSolution
		SolutionGuid = {41EC9C68-96C1-4772-BA61-08F3134BBC11}
	EndGlobalSection
EndGlobal
